// !$*UTF8*$!
{
	archiveVersion = 1;
	classes = {
	};
	objectVersion = 46;
	objects = {

/* Begin PBXBuildFile section */
		1D02380B1E92D329002CC1F9 /* StoreKit.framework in Frameworks */ = {isa = PBXBuildFile; fileRef = 1D02380A1E92D329002CC1F9 /* StoreKit.framework */; };
		1D09FCB01BB5DCDC00001083 /* ALDemoInterstitialManualLoadingViewController.m in Sources */ = {isa = PBXBuildFile; fileRef = 1D09FCAF1BB5DCDC00001083 /* ALDemoInterstitialManualLoadingViewController.m */; };
		1D09FCBC1BB5F21B00001083 /* nav_logo@2x.png in Resources */ = {isa = PBXBuildFile; fileRef = 1D09FCBB1BB5F21B00001083 /* nav_logo@2x.png */; };
		1D18615E1E11025200ED8F11 /* AdSupport.framework in Frameworks */ = {isa = PBXBuildFile; fileRef = 1D1861561E11025200ED8F11 /* AdSupport.framework */; };
		1D18615F1E11025200ED8F11 /* AVFoundation.framework in Frameworks */ = {isa = PBXBuildFile; fileRef = 1D1861571E11025200ED8F11 /* AVFoundation.framework */; };
		1D1861601E11025200ED8F11 /* CoreGraphics.framework in Frameworks */ = {isa = PBXBuildFile; fileRef = 1D1861581E11025200ED8F11 /* CoreGraphics.framework */; };
		1D1861611E11025200ED8F11 /* CoreMedia.framework in Frameworks */ = {isa = PBXBuildFile; fileRef = 1D1861591E11025200ED8F11 /* CoreMedia.framework */; };
		1D1861621E11025200ED8F11 /* CoreTelephony.framework in Frameworks */ = {isa = PBXBuildFile; fileRef = 1D18615A1E11025200ED8F11 /* CoreTelephony.framework */; };
		1D1861641E11025200ED8F11 /* SystemConfiguration.framework in Frameworks */ = {isa = PBXBuildFile; fileRef = 1D18615C1E11025200ED8F11 /* SystemConfiguration.framework */; };
		1D1861651E11025200ED8F11 /* UIKit.framework in Frameworks */ = {isa = PBXBuildFile; fileRef = 1D18615D1E11025200ED8F11 /* UIKit.framework */; };
		1D568BB31BB3792800DB4849 /* ALDemoBaseViewController.m in Sources */ = {isa = PBXBuildFile; fileRef = 1D568BB21BB3792800DB4849 /* ALDemoBaseViewController.m */; };
		1D568BB61BB37BB900DB4849 /* ALDemoRewardedVideosViewController.m in Sources */ = {isa = PBXBuildFile; fileRef = 1D568BB51BB37BB900DB4849 /* ALDemoRewardedVideosViewController.m */; };
		1D568BBD1BB388F500DB4849 /* ALDemoRootViewController.m in Sources */ = {isa = PBXBuildFile; fileRef = 1D568BBC1BB388F500DB4849 /* ALDemoRootViewController.m */; };
		1D5D968B1BB34EB700F296B0 /* ALDemoInterstitialBasicIntegrationViewController.m in Sources */ = {isa = PBXBuildFile; fileRef = 1D5D968A1BB34EB700F296B0 /* ALDemoInterstitialBasicIntegrationViewController.m */; };
		1D72215C1BB7771800FE1B91 /* SafariServices.framework in Frameworks */ = {isa = PBXBuildFile; fileRef = 1D72215B1BB7771800FE1B91 /* SafariServices.framework */; };
		1D7498A01BF52A1E00FB14B2 /* ALDemoRSSFeedRetriever.m in Sources */ = {isa = PBXBuildFile; fileRef = 1D74989F1BF52A1E00FB14B2 /* ALDemoRSSFeedRetriever.m */; };
		1D7912EE1BB4813D006C6C60 /* ALNativeAdVideoPlayer.m in Sources */ = {isa = PBXBuildFile; fileRef = 1D7912E51BB4813D006C6C60 /* ALNativeAdVideoPlayer.m */; };
		1D7912EF1BB4813D006C6C60 /* ALNativeAdVideoView.m in Sources */ = {isa = PBXBuildFile; fileRef = 1D7912E71BB4813D006C6C60 /* ALNativeAdVideoView.m */; };
		1D7912F01BB4813D006C6C60 /* ALCarouselCardState.m in Sources */ = {isa = PBXBuildFile; fileRef = 1D7912E91BB4813D006C6C60 /* ALCarouselCardState.m */; };
		1D7912F11BB4813D006C6C60 /* ALCarouselViewModel.m in Sources */ = {isa = PBXBuildFile; fileRef = 1D7912EC1BB4813D006C6C60 /* ALCarouselViewModel.m */; };
		1D7912F71BB48166006C6C60 /* UIView+ALActivityIndicator.m in Sources */ = {isa = PBXBuildFile; fileRef = 1D7912F61BB48166006C6C60 /* UIView+ALActivityIndicator.m */; };
		1D7913011BB48173006C6C60 /* ALCarouselCardView.m in Sources */ = {isa = PBXBuildFile; fileRef = 1D7912FA1BB48173006C6C60 /* ALCarouselCardView.m */; };
		1D7913021BB48173006C6C60 /* ALCarouselMediaView.m in Sources */ = {isa = PBXBuildFile; fileRef = 1D7912FC1BB48173006C6C60 /* ALCarouselMediaView.m */; };
		1D7913031BB48173006C6C60 /* ALCarouselReplayOverlayView.m in Sources */ = {isa = PBXBuildFile; fileRef = 1D7912FE1BB48173006C6C60 /* ALCarouselReplayOverlayView.m */; };
		1D7913041BB48173006C6C60 /* ALCarouselView.m in Sources */ = {isa = PBXBuildFile; fileRef = 1D7913001BB48173006C6C60 /* ALCarouselView.m */; };
		1D7913081BB48329006C6C60 /* ALDemoNativeAdFeedTableViewController.m in Sources */ = {isa = PBXBuildFile; fileRef = 1D7913071BB48329006C6C60 /* ALDemoNativeAdFeedTableViewController.m */; };
		1D79130A1BB49C45006C6C60 /* MessageUI.framework in Frameworks */ = {isa = PBXBuildFile; fileRef = 1D7913091BB49C45006C6C60 /* MessageUI.framework */; };
		1D79131C1BB4A837006C6C60 /* Star_Sprite_0.png in Resources */ = {isa = PBXBuildFile; fileRef = 1D79130C1BB4A837006C6C60 /* Star_Sprite_0.png */; };
		1D79131D1BB4A837006C6C60 /* Star_Sprite_0.5.png in Resources */ = {isa = PBXBuildFile; fileRef = 1D79130D1BB4A837006C6C60 /* Star_Sprite_0.5.png */; };
		1D79131E1BB4A837006C6C60 /* Star_Sprite_1.png in Resources */ = {isa = PBXBuildFile; fileRef = 1D79130E1BB4A837006C6C60 /* Star_Sprite_1.png */; };
		1D79131F1BB4A837006C6C60 /* Star_Sprite_1.5.png in Resources */ = {isa = PBXBuildFile; fileRef = 1D79130F1BB4A837006C6C60 /* Star_Sprite_1.5.png */; };
		1D7913201BB4A837006C6C60 /* Star_Sprite_2.png in Resources */ = {isa = PBXBuildFile; fileRef = 1D7913101BB4A837006C6C60 /* Star_Sprite_2.png */; };
		1D7913211BB4A837006C6C60 /* Star_Sprite_2.5.png in Resources */ = {isa = PBXBuildFile; fileRef = 1D7913111BB4A837006C6C60 /* Star_Sprite_2.5.png */; };
		1D7913221BB4A837006C6C60 /* Star_Sprite_3.png in Resources */ = {isa = PBXBuildFile; fileRef = 1D7913121BB4A837006C6C60 /* Star_Sprite_3.png */; };
		1D7913231BB4A837006C6C60 /* Star_Sprite_3.5.png in Resources */ = {isa = PBXBuildFile; fileRef = 1D7913131BB4A837006C6C60 /* Star_Sprite_3.5.png */; };
		1D7913241BB4A837006C6C60 /* Star_Sprite_4.png in Resources */ = {isa = PBXBuildFile; fileRef = 1D7913141BB4A837006C6C60 /* Star_Sprite_4.png */; };
		1D7913251BB4A837006C6C60 /* Star_Sprite_4.5.png in Resources */ = {isa = PBXBuildFile; fileRef = 1D7913151BB4A837006C6C60 /* Star_Sprite_4.5.png */; };
		1D7913261BB4A837006C6C60 /* Star_Sprite_5.png in Resources */ = {isa = PBXBuildFile; fileRef = 1D7913161BB4A837006C6C60 /* Star_Sprite_5.png */; };
		1D7913271BB4A837006C6C60 /* applovin_card_learn_more.png in Resources */ = {isa = PBXBuildFile; fileRef = 1D7913171BB4A837006C6C60 /* applovin_card_learn_more.png */; };
		1D7913281BB4A837006C6C60 /* applovin_card_muted.png in Resources */ = {isa = PBXBuildFile; fileRef = 1D7913181BB4A837006C6C60 /* applovin_card_muted.png */; };
		1D7913291BB4A837006C6C60 /* applovin_card_play.png in Resources */ = {isa = PBXBuildFile; fileRef = 1D7913191BB4A837006C6C60 /* applovin_card_play.png */; };
		1D79132A1BB4A837006C6C60 /* applovin_card_replay.png in Resources */ = {isa = PBXBuildFile; fileRef = 1D79131A1BB4A837006C6C60 /* applovin_card_replay.png */; };
		1D79132B1BB4A837006C6C60 /* applovin_card_unmuted.png in Resources */ = {isa = PBXBuildFile; fileRef = 1D79131B1BB4A837006C6C60 /* applovin_card_unmuted.png */; };
		1D79132E1BB4A8FA006C6C60 /* ALDemoBaseTableViewController.m in Sources */ = {isa = PBXBuildFile; fileRef = 1D79132D1BB4A8FA006C6C60 /* ALDemoBaseTableViewController.m */; };
		1DA2DE001E6D498B00FCC9B1 /* ALDemoProgrammaticBannerViewController.m in Sources */ = {isa = PBXBuildFile; fileRef = 1DA2DDFF1E6D498B00FCC9B1 /* ALDemoProgrammaticBannerViewController.m */; };
		1DA2DE031E6D58FC00FCC9B1 /* ALDemoInterfaceBuilderBannerViewController.m in Sources */ = {isa = PBXBuildFile; fileRef = 1DA2DE021E6D58FC00FCC9B1 /* ALDemoInterfaceBuilderBannerViewController.m */; };
		1DA2DE081E6D648900FCC9B1 /* ALDemoProgrammaticMRecViewController.m in Sources */ = {isa = PBXBuildFile; fileRef = 1DA2DE071E6D648900FCC9B1 /* ALDemoProgrammaticMRecViewController.m */; };
		1DC3E98D1BB321660093EF2A /* LaunchScreen.xib in Resources */ = {isa = PBXBuildFile; fileRef = 1DC3E98C1BB321660093EF2A /* LaunchScreen.xib */; };
		1DDB39AC1BF56181002561A0 /* ALDemoArticle.m in Sources */ = {isa = PBXBuildFile; fileRef = 1DDB39AB1BF56181002561A0 /* ALDemoArticle.m */; };
		1DDD51AB1DDA62FD00A00A26 /* WebKit.framework in Frameworks */ = {isa = PBXBuildFile; fileRef = 1DDD51AA1DDA62FD00A00A26 /* WebKit.framework */; };
		1DFA1BEE1BB4AF9900CA13C2 /* ALDemoNativeAdProgrammaticViewController.m in Sources */ = {isa = PBXBuildFile; fileRef = 1DFA1BED1BB4AF9900CA13C2 /* ALDemoNativeAdProgrammaticViewController.m */; };
		2713D01818EDDD0C006218B2 /* InfoPlist.strings in Resources */ = {isa = PBXBuildFile; fileRef = 2713D01618EDDD0C006218B2 /* InfoPlist.strings */; };
		2713D01A18EDDD0C006218B2 /* main.m in Sources */ = {isa = PBXBuildFile; fileRef = 2713D01918EDDD0C006218B2 /* main.m */; };
		2713D01E18EDDD0C006218B2 /* ALDemoAppDelegate.m in Sources */ = {isa = PBXBuildFile; fileRef = 2713D01D18EDDD0C006218B2 /* ALDemoAppDelegate.m */; };
		2713D02118EDDD0C006218B2 /* Main.storyboard in Resources */ = {isa = PBXBuildFile; fileRef = 2713D01F18EDDD0C006218B2 /* Main.storyboard */; };
		2713D02618EDDD0C006218B2 /* Images.xcassets in Resources */ = {isa = PBXBuildFile; fileRef = 2713D02518EDDD0C006218B2 /* Images.xcassets */; };
		63D8DF732072F5FF00EEDC92 /* AppLovinSDK.framework in Frameworks */ = {isa = PBXBuildFile; fileRef = 63D8DF722072F5FF00EEDC92 /* AppLovinSDK.framework */; };
		63F279B320758FEC008BBA88 /* Leaders.storyboard in Resources */ = {isa = PBXBuildFile; fileRef = 63F279B220758FEC008BBA88 /* Leaders.storyboard */; };
		63F279BD2075954D008BBA88 /* ALDemoProgrammaticLeaderViewController.m in Sources */ = {isa = PBXBuildFile; fileRef = 63F279BC2075954D008BBA88 /* ALDemoProgrammaticLeaderViewController.m */; };
		63F279C0207595F7008BBA88 /* ALDemoInterfaceBuilderLeaderViewController.m in Sources */ = {isa = PBXBuildFile; fileRef = 63F279BF207595F7008BBA88 /* ALDemoInterfaceBuilderLeaderViewController.m */; };
		DD65BFE01F15AC5F00F60067 /* Interstitials.storyboard in Resources */ = {isa = PBXBuildFile; fileRef = DD65BFDE1F15AC5F00F60067 /* Interstitials.storyboard */; };
		DD65BFE21F15AC7800F60067 /* Banners.storyboard in Resources */ = {isa = PBXBuildFile; fileRef = DD65BFE11F15AC7800F60067 /* Banners.storyboard */; };
		DD65BFE51F15AC8E00F60067 /* MRecs.storyboard in Resources */ = {isa = PBXBuildFile; fileRef = DD65BFE31F15AC8E00F60067 /* MRecs.storyboard */; };
		DDDBAD0E1EE60A0100666518 /* ALEventTrackingViewController.m in Sources */ = {isa = PBXBuildFile; fileRef = DDDBAD0D1EE60A0100666518 /* ALEventTrackingViewController.m */; };
		DF45849720D9C4AB00DA593F /* ALDemoInterstitalZoneViewController.m in Sources */ = {isa = PBXBuildFile; fileRef = DF45849620D9C4AB00DA593F /* ALDemoInterstitalZoneViewController.m */; };
		DF45849920D9C73B00DA593F /* Incentivized.storyboard in Resources */ = {isa = PBXBuildFile; fileRef = DF45849820D9C73B00DA593F /* Incentivized.storyboard */; };
		DFC492C320D9CB5E0096F13C /* ALDemoRewardedVideosZoneViewController.m in Sources */ = {isa = PBXBuildFile; fileRef = DFC492C220D9CB5E0096F13C /* ALDemoRewardedVideosZoneViewController.m */; };
		DFC492C620D9CF5A0096F13C /* ALDemoBannerZoneViewController.m in Sources */ = {isa = PBXBuildFile; fileRef = DFC492C520D9CF5A0096F13C /* ALDemoBannerZoneViewController.m */; };
/* End PBXBuildFile section */

/* Begin PBXFileReference section */
		1D02380A1E92D329002CC1F9 /* StoreKit.framework */ = {isa = PBXFileReference; lastKnownFileType = wrapper.framework; name = StoreKit.framework; path = System/Library/Frameworks/StoreKit.framework; sourceTree = SDKROOT; };
		1D09FCAE1BB5DCDC00001083 /* ALDemoInterstitialManualLoadingViewController.h */ = {isa = PBXFileReference; fileEncoding = 4; lastKnownFileType = sourcecode.c.h; path = ALDemoInterstitialManualLoadingViewController.h; sourceTree = "<group>"; };
		1D09FCAF1BB5DCDC00001083 /* ALDemoInterstitialManualLoadingViewController.m */ = {isa = PBXFileReference; fileEncoding = 4; lastKnownFileType = sourcecode.c.objc; path = ALDemoInterstitialManualLoadingViewController.m; sourceTree = "<group>"; };
		1D09FCBB1BB5F21B00001083 /* nav_logo@2x.png */ = {isa = PBXFileReference; lastKnownFileType = image.png; path = "nav_logo@2x.png"; sourceTree = "<group>"; };
		1D1861561E11025200ED8F11 /* AdSupport.framework */ = {isa = PBXFileReference; lastKnownFileType = wrapper.framework; name = AdSupport.framework; path = System/Library/Frameworks/AdSupport.framework; sourceTree = SDKROOT; };
		1D1861571E11025200ED8F11 /* AVFoundation.framework */ = {isa = PBXFileReference; lastKnownFileType = wrapper.framework; name = AVFoundation.framework; path = System/Library/Frameworks/AVFoundation.framework; sourceTree = SDKROOT; };
		1D1861581E11025200ED8F11 /* CoreGraphics.framework */ = {isa = PBXFileReference; lastKnownFileType = wrapper.framework; name = CoreGraphics.framework; path = System/Library/Frameworks/CoreGraphics.framework; sourceTree = SDKROOT; };
		1D1861591E11025200ED8F11 /* CoreMedia.framework */ = {isa = PBXFileReference; lastKnownFileType = wrapper.framework; name = CoreMedia.framework; path = System/Library/Frameworks/CoreMedia.framework; sourceTree = SDKROOT; };
		1D18615A1E11025200ED8F11 /* CoreTelephony.framework */ = {isa = PBXFileReference; lastKnownFileType = wrapper.framework; name = CoreTelephony.framework; path = System/Library/Frameworks/CoreTelephony.framework; sourceTree = SDKROOT; };
		1D18615C1E11025200ED8F11 /* SystemConfiguration.framework */ = {isa = PBXFileReference; lastKnownFileType = wrapper.framework; name = SystemConfiguration.framework; path = System/Library/Frameworks/SystemConfiguration.framework; sourceTree = SDKROOT; };
		1D18615D1E11025200ED8F11 /* UIKit.framework */ = {isa = PBXFileReference; lastKnownFileType = wrapper.framework; name = UIKit.framework; path = System/Library/Frameworks/UIKit.framework; sourceTree = SDKROOT; };
		1D47D8E01BB32A4500F33ADA /* ALDebugLog.h */ = {isa = PBXFileReference; lastKnownFileType = sourcecode.c.h; name = ALDebugLog.h; path = "Native Ads Carousel/ALDebugLog.h"; sourceTree = "<group>"; };
		1D568BB11BB3792800DB4849 /* ALDemoBaseViewController.h */ = {isa = PBXFileReference; fileEncoding = 4; lastKnownFileType = sourcecode.c.h; path = ALDemoBaseViewController.h; sourceTree = "<group>"; };
		1D568BB21BB3792800DB4849 /* ALDemoBaseViewController.m */ = {isa = PBXFileReference; fileEncoding = 4; lastKnownFileType = sourcecode.c.objc; path = ALDemoBaseViewController.m; sourceTree = "<group>"; };
		1D568BB41BB37BB900DB4849 /* ALDemoRewardedVideosViewController.h */ = {isa = PBXFileReference; fileEncoding = 4; lastKnownFileType = sourcecode.c.h; path = ALDemoRewardedVideosViewController.h; sourceTree = "<group>"; };
		1D568BB51BB37BB900DB4849 /* ALDemoRewardedVideosViewController.m */ = {isa = PBXFileReference; fileEncoding = 4; lastKnownFileType = sourcecode.c.objc; path = ALDemoRewardedVideosViewController.m; sourceTree = "<group>"; usesTabs = 0; };
		1D568BBB1BB388F500DB4849 /* ALDemoRootViewController.h */ = {isa = PBXFileReference; fileEncoding = 4; lastKnownFileType = sourcecode.c.h; path = ALDemoRootViewController.h; sourceTree = "<group>"; };
		1D568BBC1BB388F500DB4849 /* ALDemoRootViewController.m */ = {isa = PBXFileReference; fileEncoding = 4; lastKnownFileType = sourcecode.c.objc; path = ALDemoRootViewController.m; sourceTree = "<group>"; };
		1D5D96891BB34EB700F296B0 /* ALDemoInterstitialBasicIntegrationViewController.h */ = {isa = PBXFileReference; fileEncoding = 4; lastKnownFileType = sourcecode.c.h; path = ALDemoInterstitialBasicIntegrationViewController.h; sourceTree = "<group>"; };
		1D5D968A1BB34EB700F296B0 /* ALDemoInterstitialBasicIntegrationViewController.m */ = {isa = PBXFileReference; fileEncoding = 4; lastKnownFileType = sourcecode.c.objc; path = ALDemoInterstitialBasicIntegrationViewController.m; sourceTree = "<group>"; };
		1D72215B1BB7771800FE1B91 /* SafariServices.framework */ = {isa = PBXFileReference; lastKnownFileType = wrapper.framework; name = SafariServices.framework; path = System/Library/Frameworks/SafariServices.framework; sourceTree = SDKROOT; };
		1D74989E1BF52A1E00FB14B2 /* ALDemoRSSFeedRetriever.h */ = {isa = PBXFileReference; fileEncoding = 4; lastKnownFileType = sourcecode.c.h; path = ALDemoRSSFeedRetriever.h; sourceTree = "<group>"; };
		1D74989F1BF52A1E00FB14B2 /* ALDemoRSSFeedRetriever.m */ = {isa = PBXFileReference; fileEncoding = 4; lastKnownFileType = sourcecode.c.objc; path = ALDemoRSSFeedRetriever.m; sourceTree = "<group>"; };
		1D7912E41BB4813D006C6C60 /* ALNativeAdVideoPlayer.h */ = {isa = PBXFileReference; fileEncoding = 4; lastKnownFileType = sourcecode.c.h; name = ALNativeAdVideoPlayer.h; path = "Native Ads Carousel/ALNativeAdVideoPlayer.h"; sourceTree = "<group>"; };
		1D7912E51BB4813D006C6C60 /* ALNativeAdVideoPlayer.m */ = {isa = PBXFileReference; fileEncoding = 4; lastKnownFileType = sourcecode.c.objc; name = ALNativeAdVideoPlayer.m; path = "Native Ads Carousel/ALNativeAdVideoPlayer.m"; sourceTree = "<group>"; };
		1D7912E61BB4813D006C6C60 /* ALNativeAdVideoView.h */ = {isa = PBXFileReference; fileEncoding = 4; lastKnownFileType = sourcecode.c.h; name = ALNativeAdVideoView.h; path = "Native Ads Carousel/ALNativeAdVideoView.h"; sourceTree = "<group>"; };
		1D7912E71BB4813D006C6C60 /* ALNativeAdVideoView.m */ = {isa = PBXFileReference; fileEncoding = 4; lastKnownFileType = sourcecode.c.objc; name = ALNativeAdVideoView.m; path = "Native Ads Carousel/ALNativeAdVideoView.m"; sourceTree = "<group>"; };
		1D7912E81BB4813D006C6C60 /* ALCarouselCardState.h */ = {isa = PBXFileReference; fileEncoding = 4; lastKnownFileType = sourcecode.c.h; name = ALCarouselCardState.h; path = "Native Ads Carousel/ALCarouselCardState.h"; sourceTree = "<group>"; };
		1D7912E91BB4813D006C6C60 /* ALCarouselCardState.m */ = {isa = PBXFileReference; fileEncoding = 4; lastKnownFileType = sourcecode.c.objc; name = ALCarouselCardState.m; path = "Native Ads Carousel/ALCarouselCardState.m"; sourceTree = "<group>"; };
		1D7912EA1BB4813D006C6C60 /* ALCarouselRenderingProtocol.h */ = {isa = PBXFileReference; fileEncoding = 4; lastKnownFileType = sourcecode.c.h; name = ALCarouselRenderingProtocol.h; path = "Native Ads Carousel/ALCarouselRenderingProtocol.h"; sourceTree = "<group>"; };
		1D7912EB1BB4813D006C6C60 /* ALCarouselViewModel.h */ = {isa = PBXFileReference; fileEncoding = 4; lastKnownFileType = sourcecode.c.h; name = ALCarouselViewModel.h; path = "Native Ads Carousel/ALCarouselViewModel.h"; sourceTree = "<group>"; };
		1D7912EC1BB4813D006C6C60 /* ALCarouselViewModel.m */ = {isa = PBXFileReference; fileEncoding = 4; lastKnownFileType = sourcecode.c.objc; name = ALCarouselViewModel.m; path = "Native Ads Carousel/ALCarouselViewModel.m"; sourceTree = "<group>"; };
		1D7912ED1BB4813D006C6C60 /* ALCarouselViewSettings.h */ = {isa = PBXFileReference; fileEncoding = 4; lastKnownFileType = sourcecode.c.h; path = ALCarouselViewSettings.h; sourceTree = "<group>"; };
		1D7912F41BB4815B006C6C60 /* ALCarouselView+Internal.h */ = {isa = PBXFileReference; lastKnownFileType = sourcecode.c.h; name = "ALCarouselView+Internal.h"; path = "Native Ads Carousel/ALCarouselView+Internal.h"; sourceTree = "<group>"; };
		1D7912F51BB4815B006C6C60 /* UIView+ALActivityIndicator.h */ = {isa = PBXFileReference; lastKnownFileType = sourcecode.c.h; name = "UIView+ALActivityIndicator.h"; path = "Native Ads Carousel/UIView+ALActivityIndicator.h"; sourceTree = "<group>"; };
		1D7912F61BB48166006C6C60 /* UIView+ALActivityIndicator.m */ = {isa = PBXFileReference; fileEncoding = 4; lastKnownFileType = sourcecode.c.objc; name = "UIView+ALActivityIndicator.m"; path = "Native Ads Carousel/UIView+ALActivityIndicator.m"; sourceTree = "<group>"; };
		1D7912F91BB48173006C6C60 /* ALCarouselCardView.h */ = {isa = PBXFileReference; fileEncoding = 4; lastKnownFileType = sourcecode.c.h; name = ALCarouselCardView.h; path = "Native Ads Carousel/ALCarouselCardView.h"; sourceTree = "<group>"; };
		1D7912FA1BB48173006C6C60 /* ALCarouselCardView.m */ = {isa = PBXFileReference; fileEncoding = 4; lastKnownFileType = sourcecode.c.objc; name = ALCarouselCardView.m; path = "Native Ads Carousel/ALCarouselCardView.m"; sourceTree = "<group>"; };
		1D7912FB1BB48173006C6C60 /* ALCarouselMediaView.h */ = {isa = PBXFileReference; fileEncoding = 4; lastKnownFileType = sourcecode.c.h; name = ALCarouselMediaView.h; path = "Native Ads Carousel/ALCarouselMediaView.h"; sourceTree = "<group>"; };
		1D7912FC1BB48173006C6C60 /* ALCarouselMediaView.m */ = {isa = PBXFileReference; fileEncoding = 4; lastKnownFileType = sourcecode.c.objc; name = ALCarouselMediaView.m; path = "Native Ads Carousel/ALCarouselMediaView.m"; sourceTree = "<group>"; };
		1D7912FD1BB48173006C6C60 /* ALCarouselReplayOverlayView.h */ = {isa = PBXFileReference; fileEncoding = 4; lastKnownFileType = sourcecode.c.h; name = ALCarouselReplayOverlayView.h; path = "Native Ads Carousel/ALCarouselReplayOverlayView.h"; sourceTree = "<group>"; };
		1D7912FE1BB48173006C6C60 /* ALCarouselReplayOverlayView.m */ = {isa = PBXFileReference; fileEncoding = 4; lastKnownFileType = sourcecode.c.objc; name = ALCarouselReplayOverlayView.m; path = "Native Ads Carousel/ALCarouselReplayOverlayView.m"; sourceTree = "<group>"; };
		1D7912FF1BB48173006C6C60 /* ALCarouselView.h */ = {isa = PBXFileReference; fileEncoding = 4; lastKnownFileType = sourcecode.c.h; name = ALCarouselView.h; path = "Native Ads Carousel/ALCarouselView.h"; sourceTree = "<group>"; };
		1D7913001BB48173006C6C60 /* ALCarouselView.m */ = {isa = PBXFileReference; fileEncoding = 4; lastKnownFileType = sourcecode.c.objc; name = ALCarouselView.m; path = "Native Ads Carousel/ALCarouselView.m"; sourceTree = "<group>"; };
		1D7913061BB48329006C6C60 /* ALDemoNativeAdFeedTableViewController.h */ = {isa = PBXFileReference; fileEncoding = 4; lastKnownFileType = sourcecode.c.h; path = ALDemoNativeAdFeedTableViewController.h; sourceTree = "<group>"; };
		1D7913071BB48329006C6C60 /* ALDemoNativeAdFeedTableViewController.m */ = {isa = PBXFileReference; fileEncoding = 4; lastKnownFileType = sourcecode.c.objc; path = ALDemoNativeAdFeedTableViewController.m; sourceTree = "<group>"; };
		1D7913091BB49C45006C6C60 /* MessageUI.framework */ = {isa = PBXFileReference; lastKnownFileType = wrapper.framework; name = MessageUI.framework; path = System/Library/Frameworks/MessageUI.framework; sourceTree = SDKROOT; };
		1D79130C1BB4A837006C6C60 /* Star_Sprite_0.png */ = {isa = PBXFileReference; lastKnownFileType = image.png; name = Star_Sprite_0.png; path = "../Native Ads Carousel/Star_Sprite_0.png"; sourceTree = "<group>"; };
		1D79130D1BB4A837006C6C60 /* Star_Sprite_0.5.png */ = {isa = PBXFileReference; lastKnownFileType = image.png; name = Star_Sprite_0.5.png; path = "../Native Ads Carousel/Star_Sprite_0.5.png"; sourceTree = "<group>"; };
		1D79130E1BB4A837006C6C60 /* Star_Sprite_1.png */ = {isa = PBXFileReference; lastKnownFileType = image.png; name = Star_Sprite_1.png; path = "../Native Ads Carousel/Star_Sprite_1.png"; sourceTree = "<group>"; };
		1D79130F1BB4A837006C6C60 /* Star_Sprite_1.5.png */ = {isa = PBXFileReference; lastKnownFileType = image.png; name = Star_Sprite_1.5.png; path = "../Native Ads Carousel/Star_Sprite_1.5.png"; sourceTree = "<group>"; };
		1D7913101BB4A837006C6C60 /* Star_Sprite_2.png */ = {isa = PBXFileReference; lastKnownFileType = image.png; name = Star_Sprite_2.png; path = "../Native Ads Carousel/Star_Sprite_2.png"; sourceTree = "<group>"; };
		1D7913111BB4A837006C6C60 /* Star_Sprite_2.5.png */ = {isa = PBXFileReference; lastKnownFileType = image.png; name = Star_Sprite_2.5.png; path = "../Native Ads Carousel/Star_Sprite_2.5.png"; sourceTree = "<group>"; };
		1D7913121BB4A837006C6C60 /* Star_Sprite_3.png */ = {isa = PBXFileReference; lastKnownFileType = image.png; name = Star_Sprite_3.png; path = "../Native Ads Carousel/Star_Sprite_3.png"; sourceTree = "<group>"; };
		1D7913131BB4A837006C6C60 /* Star_Sprite_3.5.png */ = {isa = PBXFileReference; lastKnownFileType = image.png; name = Star_Sprite_3.5.png; path = "../Native Ads Carousel/Star_Sprite_3.5.png"; sourceTree = "<group>"; };
		1D7913141BB4A837006C6C60 /* Star_Sprite_4.png */ = {isa = PBXFileReference; lastKnownFileType = image.png; name = Star_Sprite_4.png; path = "../Native Ads Carousel/Star_Sprite_4.png"; sourceTree = "<group>"; };
		1D7913151BB4A837006C6C60 /* Star_Sprite_4.5.png */ = {isa = PBXFileReference; lastKnownFileType = image.png; name = Star_Sprite_4.5.png; path = "../Native Ads Carousel/Star_Sprite_4.5.png"; sourceTree = "<group>"; };
		1D7913161BB4A837006C6C60 /* Star_Sprite_5.png */ = {isa = PBXFileReference; lastKnownFileType = image.png; name = Star_Sprite_5.png; path = "../Native Ads Carousel/Star_Sprite_5.png"; sourceTree = "<group>"; };
		1D7913171BB4A837006C6C60 /* applovin_card_learn_more.png */ = {isa = PBXFileReference; lastKnownFileType = image.png; name = applovin_card_learn_more.png; path = "../Native Ads Carousel/applovin_card_learn_more.png"; sourceTree = "<group>"; };
		1D7913181BB4A837006C6C60 /* applovin_card_muted.png */ = {isa = PBXFileReference; lastKnownFileType = image.png; name = applovin_card_muted.png; path = "../Native Ads Carousel/applovin_card_muted.png"; sourceTree = "<group>"; };
		1D7913191BB4A837006C6C60 /* applovin_card_play.png */ = {isa = PBXFileReference; lastKnownFileType = image.png; name = applovin_card_play.png; path = "../Native Ads Carousel/applovin_card_play.png"; sourceTree = "<group>"; };
		1D79131A1BB4A837006C6C60 /* applovin_card_replay.png */ = {isa = PBXFileReference; lastKnownFileType = image.png; name = applovin_card_replay.png; path = "../Native Ads Carousel/applovin_card_replay.png"; sourceTree = "<group>"; };
		1D79131B1BB4A837006C6C60 /* applovin_card_unmuted.png */ = {isa = PBXFileReference; lastKnownFileType = image.png; name = applovin_card_unmuted.png; path = "../Native Ads Carousel/applovin_card_unmuted.png"; sourceTree = "<group>"; };
		1D79132C1BB4A8FA006C6C60 /* ALDemoBaseTableViewController.h */ = {isa = PBXFileReference; fileEncoding = 4; lastKnownFileType = sourcecode.c.h; path = ALDemoBaseTableViewController.h; sourceTree = "<group>"; };
		1D79132D1BB4A8FA006C6C60 /* ALDemoBaseTableViewController.m */ = {isa = PBXFileReference; fileEncoding = 4; lastKnownFileType = sourcecode.c.objc; path = ALDemoBaseTableViewController.m; sourceTree = "<group>"; };
		1DA2DDFE1E6D498B00FCC9B1 /* ALDemoProgrammaticBannerViewController.h */ = {isa = PBXFileReference; fileEncoding = 4; lastKnownFileType = sourcecode.c.h; path = ALDemoProgrammaticBannerViewController.h; sourceTree = "<group>"; };
		1DA2DDFF1E6D498B00FCC9B1 /* ALDemoProgrammaticBannerViewController.m */ = {isa = PBXFileReference; fileEncoding = 4; lastKnownFileType = sourcecode.c.objc; path = ALDemoProgrammaticBannerViewController.m; sourceTree = "<group>"; };
		1DA2DE011E6D58FC00FCC9B1 /* ALDemoInterfaceBuilderBannerViewController.h */ = {isa = PBXFileReference; fileEncoding = 4; lastKnownFileType = sourcecode.c.h; path = ALDemoInterfaceBuilderBannerViewController.h; sourceTree = "<group>"; };
		1DA2DE021E6D58FC00FCC9B1 /* ALDemoInterfaceBuilderBannerViewController.m */ = {isa = PBXFileReference; fileEncoding = 4; lastKnownFileType = sourcecode.c.objc; path = ALDemoInterfaceBuilderBannerViewController.m; sourceTree = "<group>"; };
		1DA2DE061E6D648900FCC9B1 /* ALDemoProgrammaticMRecViewController.h */ = {isa = PBXFileReference; fileEncoding = 4; lastKnownFileType = sourcecode.c.h; path = ALDemoProgrammaticMRecViewController.h; sourceTree = "<group>"; };
		1DA2DE071E6D648900FCC9B1 /* ALDemoProgrammaticMRecViewController.m */ = {isa = PBXFileReference; fileEncoding = 4; lastKnownFileType = sourcecode.c.objc; path = ALDemoProgrammaticMRecViewController.m; sourceTree = "<group>"; };
		1DC3E98C1BB321660093EF2A /* LaunchScreen.xib */ = {isa = PBXFileReference; fileEncoding = 4; lastKnownFileType = file.xib; path = LaunchScreen.xib; sourceTree = "<group>"; };
		1DDB39AA1BF56181002561A0 /* ALDemoArticle.h */ = {isa = PBXFileReference; fileEncoding = 4; lastKnownFileType = sourcecode.c.h; path = ALDemoArticle.h; sourceTree = "<group>"; };
		1DDB39AB1BF56181002561A0 /* ALDemoArticle.m */ = {isa = PBXFileReference; fileEncoding = 4; lastKnownFileType = sourcecode.c.objc; path = ALDemoArticle.m; sourceTree = "<group>"; };
		1DDD51AA1DDA62FD00A00A26 /* WebKit.framework */ = {isa = PBXFileReference; lastKnownFileType = wrapper.framework; name = WebKit.framework; path = System/Library/Frameworks/WebKit.framework; sourceTree = SDKROOT; };
		1DFA1BEC1BB4AF9900CA13C2 /* ALDemoNativeAdProgrammaticViewController.h */ = {isa = PBXFileReference; fileEncoding = 4; lastKnownFileType = sourcecode.c.h; path = ALDemoNativeAdProgrammaticViewController.h; sourceTree = "<group>"; };
		1DFA1BED1BB4AF9900CA13C2 /* ALDemoNativeAdProgrammaticViewController.m */ = {isa = PBXFileReference; fileEncoding = 4; lastKnownFileType = sourcecode.c.objc; path = ALDemoNativeAdProgrammaticViewController.m; sourceTree = "<group>"; };
		2713D00A18EDDD0C006218B2 /* iOS-SDK-Demo-ObjC.app */ = {isa = PBXFileReference; explicitFileType = wrapper.application; includeInIndex = 0; path = "iOS-SDK-Demo-ObjC.app"; sourceTree = BUILT_PRODUCTS_DIR; };
		2713D01518EDDD0C006218B2 /* iOS-SDK-Demo-ObjC-Info.plist */ = {isa = PBXFileReference; lastKnownFileType = text.plist.xml; path = "iOS-SDK-Demo-ObjC-Info.plist"; sourceTree = "<group>"; };
		2713D01718EDDD0C006218B2 /* en */ = {isa = PBXFileReference; lastKnownFileType = text.plist.strings; name = en; path = en.lproj/InfoPlist.strings; sourceTree = "<group>"; };
		2713D01918EDDD0C006218B2 /* main.m */ = {isa = PBXFileReference; lastKnownFileType = sourcecode.c.objc; path = main.m; sourceTree = "<group>"; };
		2713D01B18EDDD0C006218B2 /* iOS-SDK-Demo-ObjC-Prefix.pch */ = {isa = PBXFileReference; lastKnownFileType = sourcecode.c.h; path = "iOS-SDK-Demo-ObjC-Prefix.pch"; sourceTree = "<group>"; };
		2713D01C18EDDD0C006218B2 /* ALDemoAppDelegate.h */ = {isa = PBXFileReference; lastKnownFileType = sourcecode.c.h; path = ALDemoAppDelegate.h; sourceTree = "<group>"; };
		2713D01D18EDDD0C006218B2 /* ALDemoAppDelegate.m */ = {isa = PBXFileReference; lastKnownFileType = sourcecode.c.objc; path = ALDemoAppDelegate.m; sourceTree = "<group>"; };
		2713D02018EDDD0C006218B2 /* Base */ = {isa = PBXFileReference; lastKnownFileType = file.storyboard; name = Base; path = Base.lproj/Main.storyboard; sourceTree = "<group>"; };
		2713D02518EDDD0C006218B2 /* Images.xcassets */ = {isa = PBXFileReference; lastKnownFileType = folder.assetcatalog; path = Images.xcassets; sourceTree = "<group>"; };
		63D8DF722072F5FF00EEDC92 /* AppLovinSDK.framework */ = {isa = PBXFileReference; explicitFileType = wrapper.framework; path = AppLovinSDK.framework; sourceTree = BUILT_PRODUCTS_DIR; };
		63F279B220758FEC008BBA88 /* Leaders.storyboard */ = {isa = PBXFileReference; lastKnownFileType = file.storyboard; path = Leaders.storyboard; sourceTree = "<group>"; };
		63F279BB2075954D008BBA88 /* ALDemoProgrammaticLeaderViewController.h */ = {isa = PBXFileReference; lastKnownFileType = sourcecode.c.h; path = ALDemoProgrammaticLeaderViewController.h; sourceTree = "<group>"; };
		63F279BC2075954D008BBA88 /* ALDemoProgrammaticLeaderViewController.m */ = {isa = PBXFileReference; lastKnownFileType = sourcecode.c.objc; path = ALDemoProgrammaticLeaderViewController.m; sourceTree = "<group>"; };
		63F279BE207595F7008BBA88 /* ALDemoInterfaceBuilderLeaderViewController.h */ = {isa = PBXFileReference; lastKnownFileType = sourcecode.c.h; path = ALDemoInterfaceBuilderLeaderViewController.h; sourceTree = "<group>"; };
		63F279BF207595F7008BBA88 /* ALDemoInterfaceBuilderLeaderViewController.m */ = {isa = PBXFileReference; lastKnownFileType = sourcecode.c.objc; path = ALDemoInterfaceBuilderLeaderViewController.m; sourceTree = "<group>"; };
		DD65BFDF1F15AC5F00F60067 /* Base */ = {isa = PBXFileReference; lastKnownFileType = file.storyboard; name = Base; path = Base.lproj/Interstitials.storyboard; sourceTree = "<group>"; };
		DD65BFE11F15AC7800F60067 /* Banners.storyboard */ = {isa = PBXFileReference; fileEncoding = 4; lastKnownFileType = file.storyboard; path = Banners.storyboard; sourceTree = "<group>"; };
		DD65BFE41F15AC8E00F60067 /* Base */ = {isa = PBXFileReference; lastKnownFileType = file.storyboard; name = Base; path = Base.lproj/MRecs.storyboard; sourceTree = "<group>"; };
		DDDBAD0C1EE60A0100666518 /* ALEventTrackingViewController.h */ = {isa = PBXFileReference; fileEncoding = 4; lastKnownFileType = sourcecode.c.h; path = ALEventTrackingViewController.h; sourceTree = "<group>"; };
		DDDBAD0D1EE60A0100666518 /* ALEventTrackingViewController.m */ = {isa = PBXFileReference; fileEncoding = 4; lastKnownFileType = sourcecode.c.objc; path = ALEventTrackingViewController.m; sourceTree = "<group>"; };
		DF45849520D9C4AB00DA593F /* ALDemoInterstitalZoneViewController.h */ = {isa = PBXFileReference; lastKnownFileType = sourcecode.c.h; path = ALDemoInterstitalZoneViewController.h; sourceTree = "<group>"; };
		DF45849620D9C4AB00DA593F /* ALDemoInterstitalZoneViewController.m */ = {isa = PBXFileReference; lastKnownFileType = sourcecode.c.objc; path = ALDemoInterstitalZoneViewController.m; sourceTree = "<group>"; };
		DF45849820D9C73B00DA593F /* Incentivized.storyboard */ = {isa = PBXFileReference; lastKnownFileType = file.storyboard; path = Incentivized.storyboard; sourceTree = "<group>"; };
		DFC492C120D9CB5E0096F13C /* ALDemoRewardedVideosZoneViewController.h */ = {isa = PBXFileReference; lastKnownFileType = sourcecode.c.h; path = ALDemoRewardedVideosZoneViewController.h; sourceTree = "<group>"; };
		DFC492C220D9CB5E0096F13C /* ALDemoRewardedVideosZoneViewController.m */ = {isa = PBXFileReference; lastKnownFileType = sourcecode.c.objc; path = ALDemoRewardedVideosZoneViewController.m; sourceTree = "<group>"; };
		DFC492C420D9CF5A0096F13C /* ALDemoBannerZoneViewController.h */ = {isa = PBXFileReference; lastKnownFileType = sourcecode.c.h; path = ALDemoBannerZoneViewController.h; sourceTree = "<group>"; };
		DFC492C520D9CF5A0096F13C /* ALDemoBannerZoneViewController.m */ = {isa = PBXFileReference; lastKnownFileType = sourcecode.c.objc; path = ALDemoBannerZoneViewController.m; sourceTree = "<group>"; };
/* End PBXFileReference section */

/* Begin PBXFrameworksBuildPhase section */
		2713D00718EDDD0C006218B2 /* Frameworks */ = {
			isa = PBXFrameworksBuildPhase;
			buildActionMask = 2147483647;
			files = (
				63D8DF732072F5FF00EEDC92 /* AppLovinSDK.framework in Frameworks */,
				1D18615E1E11025200ED8F11 /* AdSupport.framework in Frameworks */,
				1D18615F1E11025200ED8F11 /* AVFoundation.framework in Frameworks */,
				1D1861601E11025200ED8F11 /* CoreGraphics.framework in Frameworks */,
				1D1861611E11025200ED8F11 /* CoreMedia.framework in Frameworks */,
				1D1861621E11025200ED8F11 /* CoreTelephony.framework in Frameworks */,
				1D79130A1BB49C45006C6C60 /* MessageUI.framework in Frameworks */,
				1D72215C1BB7771800FE1B91 /* SafariServices.framework in Frameworks */,
				1D02380B1E92D329002CC1F9 /* StoreKit.framework in Frameworks */,
				1D1861641E11025200ED8F11 /* SystemConfiguration.framework in Frameworks */,
				1D1861651E11025200ED8F11 /* UIKit.framework in Frameworks */,
				1DDD51AB1DDA62FD00A00A26 /* WebKit.framework in Frameworks */,
			);
			runOnlyForDeploymentPostprocessing = 0;
		};
/* End PBXFrameworksBuildPhase section */

/* Begin PBXGroup section */
		1D09FCAB1BB5DC5800001083 /* Basic Integration */ = {
			isa = PBXGroup;
			children = (
				1D5D96891BB34EB700F296B0 /* ALDemoInterstitialBasicIntegrationViewController.h */,
				1D5D968A1BB34EB700F296B0 /* ALDemoInterstitialBasicIntegrationViewController.m */,
			);
			name = "Basic Integration";
			sourceTree = "<group>";
		};
		1D09FCAD1BB5DC8400001083 /* Manual loading */ = {
			isa = PBXGroup;
			children = (
				1D09FCAE1BB5DCDC00001083 /* ALDemoInterstitialManualLoadingViewController.h */,
				1D09FCAF1BB5DCDC00001083 /* ALDemoInterstitialManualLoadingViewController.m */,
			);
			name = "Manual loading";
			sourceTree = "<group>";
		};
		1D568BB01BB3790400DB4849 /* Interstitials */ = {
			isa = PBXGroup;
			children = (
				1D09FCAB1BB5DC5800001083 /* Basic Integration */,
				1D09FCAD1BB5DC8400001083 /* Manual loading */,
				DF45849420D9C42300DA593F /* Zone Integration */,
			);
			name = Interstitials;
			sourceTree = "<group>";
		};
		1D568BBE1BB392C200DB4849 /* Rewarded/Incentivized Videos */ = {
			isa = PBXGroup;
			children = (
				1D568BB41BB37BB900DB4849 /* ALDemoRewardedVideosViewController.h */,
				1D568BB51BB37BB900DB4849 /* ALDemoRewardedVideosViewController.m */,
				DFC492C120D9CB5E0096F13C /* ALDemoRewardedVideosZoneViewController.h */,
				DFC492C220D9CB5E0096F13C /* ALDemoRewardedVideosZoneViewController.m */,
			);
			name = "Rewarded/Incentivized Videos";
			sourceTree = "<group>";
		};
		1D568BBF1BB392EA00DB4849 /* Native */ = {
			isa = PBXGroup;
			children = (
				1DFA1BEB1BB4AF4600CA13C2 /* Programatic Example */,
				1D7913051BB4821E006C6C60 /* Feed Example */,
			);
			name = Native;
			sourceTree = "<group>";
		};
		1D7912F21BB48140006C6C60 /* Carousel UI */ = {
			isa = PBXGroup;
			children = (
				1DA582191BB9BF4E00497A94 /* Customizable SETTINGS */,
				1D79130B1BB4A830006C6C60 /* Assets */,
				1D7912F81BB48169006C6C60 /* Views */,
				1D7912F31BB48150006C6C60 /* Categories */,
				1D7912E41BB4813D006C6C60 /* ALNativeAdVideoPlayer.h */,
				1D7912E51BB4813D006C6C60 /* ALNativeAdVideoPlayer.m */,
				1D7912E81BB4813D006C6C60 /* ALCarouselCardState.h */,
				1D7912E91BB4813D006C6C60 /* ALCarouselCardState.m */,
				1D7912EA1BB4813D006C6C60 /* ALCarouselRenderingProtocol.h */,
				1D7912EB1BB4813D006C6C60 /* ALCarouselViewModel.h */,
				1D7912EC1BB4813D006C6C60 /* ALCarouselViewModel.m */,
			);
			name = "Carousel UI";
			sourceTree = "<group>";
		};
		1D7912F31BB48150006C6C60 /* Categories */ = {
			isa = PBXGroup;
			children = (
				1D7912F41BB4815B006C6C60 /* ALCarouselView+Internal.h */,
				1D7912F61BB48166006C6C60 /* UIView+ALActivityIndicator.m */,
				1D7912F51BB4815B006C6C60 /* UIView+ALActivityIndicator.h */,
			);
			name = Categories;
			sourceTree = "<group>";
		};
		1D7912F81BB48169006C6C60 /* Views */ = {
			isa = PBXGroup;
			children = (
				1D7912F91BB48173006C6C60 /* ALCarouselCardView.h */,
				1D7912FA1BB48173006C6C60 /* ALCarouselCardView.m */,
				1D7912FB1BB48173006C6C60 /* ALCarouselMediaView.h */,
				1D7912FC1BB48173006C6C60 /* ALCarouselMediaView.m */,
				1D7912FD1BB48173006C6C60 /* ALCarouselReplayOverlayView.h */,
				1D7912FE1BB48173006C6C60 /* ALCarouselReplayOverlayView.m */,
				1D7912FF1BB48173006C6C60 /* ALCarouselView.h */,
				1D7913001BB48173006C6C60 /* ALCarouselView.m */,
				1D7912E61BB4813D006C6C60 /* ALNativeAdVideoView.h */,
				1D7912E71BB4813D006C6C60 /* ALNativeAdVideoView.m */,
			);
			name = Views;
			sourceTree = "<group>";
		};
		1D7913051BB4821E006C6C60 /* Feed Example */ = {
			isa = PBXGroup;
			children = (
				1D7912F21BB48140006C6C60 /* Carousel UI */,
				1DDB39AD1BF561DF002561A0 /* RSS Feed Parsing */,
				1D7913061BB48329006C6C60 /* ALDemoNativeAdFeedTableViewController.h */,
				1D7913071BB48329006C6C60 /* ALDemoNativeAdFeedTableViewController.m */,
			);
			name = "Feed Example";
			sourceTree = "<group>";
		};
		1D79130B1BB4A830006C6C60 /* Assets */ = {
			isa = PBXGroup;
			children = (
				1D79130C1BB4A837006C6C60 /* Star_Sprite_0.png */,
				1D79130D1BB4A837006C6C60 /* Star_Sprite_0.5.png */,
				1D79130E1BB4A837006C6C60 /* Star_Sprite_1.png */,
				1D79130F1BB4A837006C6C60 /* Star_Sprite_1.5.png */,
				1D7913101BB4A837006C6C60 /* Star_Sprite_2.png */,
				1D7913111BB4A837006C6C60 /* Star_Sprite_2.5.png */,
				1D7913121BB4A837006C6C60 /* Star_Sprite_3.png */,
				1D7913131BB4A837006C6C60 /* Star_Sprite_3.5.png */,
				1D7913141BB4A837006C6C60 /* Star_Sprite_4.png */,
				1D7913151BB4A837006C6C60 /* Star_Sprite_4.5.png */,
				1D7913161BB4A837006C6C60 /* Star_Sprite_5.png */,
				1D7913171BB4A837006C6C60 /* applovin_card_learn_more.png */,
				1D7913181BB4A837006C6C60 /* applovin_card_muted.png */,
				1D7913191BB4A837006C6C60 /* applovin_card_play.png */,
				1D79131A1BB4A837006C6C60 /* applovin_card_replay.png */,
				1D79131B1BB4A837006C6C60 /* applovin_card_unmuted.png */,
			);
			name = Assets;
			path = ALCarouselViewSettings.h;
			sourceTree = "<group>";
		};
		1DA2DDFD1E6D497000FCC9B1 /* Banners */ = {
			isa = PBXGroup;
			children = (
				DFC492CA20DACEA00096F13C /* Programmatic */,
				DFC492CB20DACEAF0096F13C /* Interface Builder */,
				DFC492CC20DACEBB0096F13C /* Zone Integration */,
			);
			name = Banners;
			sourceTree = "<group>";
		};
		1DA2DE041E6D63E800FCC9B1 /* MRecs */ = {
			isa = PBXGroup;
			children = (
				1DA2DE061E6D648900FCC9B1 /* ALDemoProgrammaticMRecViewController.h */,
				1DA2DE071E6D648900FCC9B1 /* ALDemoProgrammaticMRecViewController.m */,
			);
			name = MRecs;
			sourceTree = "<group>";
		};
		1DA582191BB9BF4E00497A94 /* Customizable SETTINGS */ = {
			isa = PBXGroup;
			children = (
				1D7912ED1BB4813D006C6C60 /* ALCarouselViewSettings.h */,
			);
			name = "Customizable SETTINGS";
			path = "Native Ads Carousel";
			sourceTree = "<group>";
		};
		1DB1A5A61F15F932001C50B5 /* APPLOVIN SDK HERE */ = {
			isa = PBXGroup;
			children = (
			);
			name = "APPLOVIN SDK HERE";
			sourceTree = "<group>";
		};
		1DDB39AD1BF561DF002561A0 /* RSS Feed Parsing */ = {
			isa = PBXGroup;
			children = (
				1D74989E1BF52A1E00FB14B2 /* ALDemoRSSFeedRetriever.h */,
				1D74989F1BF52A1E00FB14B2 /* ALDemoRSSFeedRetriever.m */,
				1DDB39AA1BF56181002561A0 /* ALDemoArticle.h */,
				1DDB39AB1BF56181002561A0 /* ALDemoArticle.m */,
			);
			name = "RSS Feed Parsing";
			sourceTree = "<group>";
		};
		1DFA1BEB1BB4AF4600CA13C2 /* Programatic Example */ = {
			isa = PBXGroup;
			children = (
				1DFA1BEC1BB4AF9900CA13C2 /* ALDemoNativeAdProgrammaticViewController.h */,
				1DFA1BED1BB4AF9900CA13C2 /* ALDemoNativeAdProgrammaticViewController.m */,
			);
			name = "Programatic Example";
			sourceTree = "<group>";
		};
		2713D00118EDDD0C006218B2 = {
			isa = PBXGroup;
			children = (
				1DB1A5A61F15F932001C50B5 /* APPLOVIN SDK HERE */,
				2713D01318EDDD0C006218B2 /* iOS-SDK-Demo */,
				2713D00C18EDDD0C006218B2 /* Frameworks */,
				2713D00B18EDDD0C006218B2 /* Products */,
			);
			sourceTree = "<group>";
		};
		2713D00B18EDDD0C006218B2 /* Products */ = {
			isa = PBXGroup;
			children = (
				2713D00A18EDDD0C006218B2 /* iOS-SDK-Demo-ObjC.app */,
			);
			name = Products;
			sourceTree = "<group>";
		};
		2713D00C18EDDD0C006218B2 /* Frameworks */ = {
			isa = PBXGroup;
			children = (
				63D8DF722072F5FF00EEDC92 /* AppLovinSDK.framework */,
				1D02380A1E92D329002CC1F9 /* StoreKit.framework */,
				1D1861561E11025200ED8F11 /* AdSupport.framework */,
				1D1861571E11025200ED8F11 /* AVFoundation.framework */,
				1D1861581E11025200ED8F11 /* CoreGraphics.framework */,
				1D1861591E11025200ED8F11 /* CoreMedia.framework */,
				1D18615A1E11025200ED8F11 /* CoreTelephony.framework */,
				1D18615C1E11025200ED8F11 /* SystemConfiguration.framework */,
				1D18615D1E11025200ED8F11 /* UIKit.framework */,
				1DDD51AA1DDA62FD00A00A26 /* WebKit.framework */,
				1D72215B1BB7771800FE1B91 /* SafariServices.framework */,
				1D7913091BB49C45006C6C60 /* MessageUI.framework */,
			);
			name = Frameworks;
			sourceTree = "<group>";
		};
		2713D01318EDDD0C006218B2 /* iOS-SDK-Demo */ = {
			isa = PBXGroup;
			children = (
				277F7B1E18EDDE37001F2E1F /* Components */,
				277F7B1C18EDDE27001F2E1F /* SDK Integration Examples */,
				2713D01418EDDD0C006218B2 /* Supporting Files */,
			);
			path = "iOS-SDK-Demo";
			sourceTree = "<group>";
		};
		2713D01418EDDD0C006218B2 /* Supporting Files */ = {
			isa = PBXGroup;
			children = (
				2713D02518EDDD0C006218B2 /* Images.xcassets */,
				2713D01618EDDD0C006218B2 /* InfoPlist.strings */,
				2713D01518EDDD0C006218B2 /* iOS-SDK-Demo-ObjC-Info.plist */,
				2713D01B18EDDD0C006218B2 /* iOS-SDK-Demo-ObjC-Prefix.pch */,
				1DC3E98C1BB321660093EF2A /* LaunchScreen.xib */,
				2713D01918EDDD0C006218B2 /* main.m */,
				2713D01F18EDDD0C006218B2 /* Main.storyboard */,
				DD65BFE31F15AC8E00F60067 /* MRecs.storyboard */,
				DD65BFE11F15AC7800F60067 /* Banners.storyboard */,
				63F279B220758FEC008BBA88 /* Leaders.storyboard */,
				DD65BFDE1F15AC5F00F60067 /* Interstitials.storyboard */,
				DF45849820D9C73B00DA593F /* Incentivized.storyboard */,
				1D09FCBB1BB5F21B00001083 /* nav_logo@2x.png */,
			);
			name = "Supporting Files";
			sourceTree = "<group>";
		};
		277F7B1C18EDDE27001F2E1F /* SDK Integration Examples */ = {
			isa = PBXGroup;
			children = (
				DDDBAD0B1EE609A900666518 /* Event Tracking */,
				1DA2DE041E6D63E800FCC9B1 /* MRecs */,
				1DA2DDFD1E6D497000FCC9B1 /* Banners */,
				63F279B120758CF4008BBA88 /* Leaders */,
				1D568BB01BB3790400DB4849 /* Interstitials */,
				1D568BBE1BB392C200DB4849 /* Rewarded/Incentivized Videos */,
				1D568BBF1BB392EA00DB4849 /* Native */,
			);
			name = "SDK Integration Examples";
			sourceTree = "<group>";
		};
		277F7B1E18EDDE37001F2E1F /* Components */ = {
			isa = PBXGroup;
			children = (
				1D47D8E01BB32A4500F33ADA /* ALDebugLog.h */,
				2713D01C18EDDD0C006218B2 /* ALDemoAppDelegate.h */,
				2713D01D18EDDD0C006218B2 /* ALDemoAppDelegate.m */,
				1D79132C1BB4A8FA006C6C60 /* ALDemoBaseTableViewController.h */,
				1D79132D1BB4A8FA006C6C60 /* ALDemoBaseTableViewController.m */,
				1D568BB11BB3792800DB4849 /* ALDemoBaseViewController.h */,
				1D568BB21BB3792800DB4849 /* ALDemoBaseViewController.m */,
				1D568BBB1BB388F500DB4849 /* ALDemoRootViewController.h */,
				1D568BBC1BB388F500DB4849 /* ALDemoRootViewController.m */,
			);
			name = Components;
			sourceTree = "<group>";
		};
		63F279B120758CF4008BBA88 /* Leaders */ = {
			isa = PBXGroup;
			children = (
				63F279BB2075954D008BBA88 /* ALDemoProgrammaticLeaderViewController.h */,
				63F279BC2075954D008BBA88 /* ALDemoProgrammaticLeaderViewController.m */,
				63F279BE207595F7008BBA88 /* ALDemoInterfaceBuilderLeaderViewController.h */,
				63F279BF207595F7008BBA88 /* ALDemoInterfaceBuilderLeaderViewController.m */,
			);
			name = Leaders;
			sourceTree = "<group>";
		};
		DDDBAD0B1EE609A900666518 /* Event Tracking */ = {
			isa = PBXGroup;
			children = (
				DDDBAD0C1EE60A0100666518 /* ALEventTrackingViewController.h */,
				DDDBAD0D1EE60A0100666518 /* ALEventTrackingViewController.m */,
			);
			name = "Event Tracking";
			sourceTree = "<group>";
		};
		DF45849420D9C42300DA593F /* Zone Integration */ = {
			isa = PBXGroup;
			children = (
				DF45849520D9C4AB00DA593F /* ALDemoInterstitalZoneViewController.h */,
				DF45849620D9C4AB00DA593F /* ALDemoInterstitalZoneViewController.m */,
			);
			name = "Zone Integration";
			sourceTree = "<group>";
		};
		DFC492CA20DACEA00096F13C /* Programmatic */ = {
			isa = PBXGroup;
			children = (
				1DA2DDFE1E6D498B00FCC9B1 /* ALDemoProgrammaticBannerViewController.h */,
				1DA2DDFF1E6D498B00FCC9B1 /* ALDemoProgrammaticBannerViewController.m */,
			);
			name = Programmatic;
			sourceTree = "<group>";
		};
		DFC492CB20DACEAF0096F13C /* Interface Builder */ = {
			isa = PBXGroup;
			children = (
				1DA2DE011E6D58FC00FCC9B1 /* ALDemoInterfaceBuilderBannerViewController.h */,
				1DA2DE021E6D58FC00FCC9B1 /* ALDemoInterfaceBuilderBannerViewController.m */,
			);
			name = "Interface Builder";
			sourceTree = "<group>";
		};
		DFC492CC20DACEBB0096F13C /* Zone Integration */ = {
			isa = PBXGroup;
			children = (
				DFC492C420D9CF5A0096F13C /* ALDemoBannerZoneViewController.h */,
				DFC492C520D9CF5A0096F13C /* ALDemoBannerZoneViewController.m */,
			);
			name = "Zone Integration";
			sourceTree = "<group>";
		};
/* End PBXGroup section */

/* Begin PBXNativeTarget section */
		2713D00918EDDD0C006218B2 /* iOS-SDK-Demo-ObjC */ = {
			isa = PBXNativeTarget;
			buildConfigurationList = 2713D03C18EDDD0C006218B2 /* Build configuration list for PBXNativeTarget "iOS-SDK-Demo-ObjC" */;
			buildPhases = (
				2713D00618EDDD0C006218B2 /* Sources */,
				2713D00718EDDD0C006218B2 /* Frameworks */,
				2713D00818EDDD0C006218B2 /* Resources */,
			);
			buildRules = (
			);
			dependencies = (
			);
			name = "iOS-SDK-Demo-ObjC";
			productName = "iOS-SDK-Demo";
			productReference = 2713D00A18EDDD0C006218B2 /* iOS-SDK-Demo-ObjC.app */;
			productType = "com.apple.product-type.application";
		};
/* End PBXNativeTarget section */

/* Begin PBXProject section */
		2713D00218EDDD0C006218B2 /* Project object */ = {
			isa = PBXProject;
			attributes = {
				CLASSPREFIX = ALDemo;
				LastUpgradeCheck = 0940;
				ORGANIZATIONNAME = AppLovin;
				TargetAttributes = {
					2713D00918EDDD0C006218B2 = {
						SystemCapabilities = {
							com.apple.InAppPurchase = {
								enabled = 0;
							};
						};
					};
				};
			};
			buildConfigurationList = 2713D00518EDDD0C006218B2 /* Build configuration list for PBXProject "iOS-SDK-Demo-ObjC" */;
			compatibilityVersion = "Xcode 3.2";
			developmentRegion = English;
			hasScannedForEncodings = 0;
			knownRegions = (
				en,
				Base,
			);
			mainGroup = 2713D00118EDDD0C006218B2;
			productRefGroup = 2713D00B18EDDD0C006218B2 /* Products */;
			projectDirPath = "";
			projectRoot = "";
			targets = (
				2713D00918EDDD0C006218B2 /* iOS-SDK-Demo-ObjC */,
			);
		};
/* End PBXProject section */

/* Begin PBXResourcesBuildPhase section */
		2713D00818EDDD0C006218B2 /* Resources */ = {
			isa = PBXResourcesBuildPhase;
			buildActionMask = 2147483647;
			files = (
				63F279B320758FEC008BBA88 /* Leaders.storyboard in Resources */,
				1D79131D1BB4A837006C6C60 /* Star_Sprite_0.5.png in Resources */,
				DF45849920D9C73B00DA593F /* Incentivized.storyboard in Resources */,
				1D7913241BB4A837006C6C60 /* Star_Sprite_4.png in Resources */,
				1DC3E98D1BB321660093EF2A /* LaunchScreen.xib in Resources */,
				1D79131F1BB4A837006C6C60 /* Star_Sprite_1.5.png in Resources */,
				1D7913261BB4A837006C6C60 /* Star_Sprite_5.png in Resources */,
				1D79132A1BB4A837006C6C60 /* applovin_card_replay.png in Resources */,
				1D79132B1BB4A837006C6C60 /* applovin_card_unmuted.png in Resources */,
				2713D02618EDDD0C006218B2 /* Images.xcassets in Resources */,
				2713D01818EDDD0C006218B2 /* InfoPlist.strings in Resources */,
				DD65BFE51F15AC8E00F60067 /* MRecs.storyboard in Resources */,
				1D7913211BB4A837006C6C60 /* Star_Sprite_2.5.png in Resources */,
				1D7913221BB4A837006C6C60 /* Star_Sprite_3.png in Resources */,
				1D09FCBC1BB5F21B00001083 /* nav_logo@2x.png in Resources */,
				DD65BFE01F15AC5F00F60067 /* Interstitials.storyboard in Resources */,
				DD65BFE21F15AC7800F60067 /* Banners.storyboard in Resources */,
				1D7913281BB4A837006C6C60 /* applovin_card_muted.png in Resources */,
				1D7913231BB4A837006C6C60 /* Star_Sprite_3.5.png in Resources */,
				1D79131C1BB4A837006C6C60 /* Star_Sprite_0.png in Resources */,
				1D7913251BB4A837006C6C60 /* Star_Sprite_4.5.png in Resources */,
				1D7913201BB4A837006C6C60 /* Star_Sprite_2.png in Resources */,
				1D7913291BB4A837006C6C60 /* applovin_card_play.png in Resources */,
				1D79131E1BB4A837006C6C60 /* Star_Sprite_1.png in Resources */,
				1D7913271BB4A837006C6C60 /* applovin_card_learn_more.png in Resources */,
				2713D02118EDDD0C006218B2 /* Main.storyboard in Resources */,
			);
			runOnlyForDeploymentPostprocessing = 0;
		};
/* End PBXResourcesBuildPhase section */

/* Begin PBXSourcesBuildPhase section */
		2713D00618EDDD0C006218B2 /* Sources */ = {
			isa = PBXSourcesBuildPhase;
			buildActionMask = 2147483647;
			files = (
				DFC492C620D9CF5A0096F13C /* ALDemoBannerZoneViewController.m in Sources */,
				1D7912F01BB4813D006C6C60 /* ALCarouselCardState.m in Sources */,
				DFC492C320D9CB5E0096F13C /* ALDemoRewardedVideosZoneViewController.m in Sources */,
				1D7912F71BB48166006C6C60 /* UIView+ALActivityIndicator.m in Sources */,
				1D568BB61BB37BB900DB4849 /* ALDemoRewardedVideosViewController.m in Sources */,
				1D568BB31BB3792800DB4849 /* ALDemoBaseViewController.m in Sources */,
				1D7912EE1BB4813D006C6C60 /* ALNativeAdVideoPlayer.m in Sources */,
				1D7912EF1BB4813D006C6C60 /* ALNativeAdVideoView.m in Sources */,
				63F279C0207595F7008BBA88 /* ALDemoInterfaceBuilderLeaderViewController.m in Sources */,
				1DA2DE031E6D58FC00FCC9B1 /* ALDemoInterfaceBuilderBannerViewController.m in Sources */,
				63F279BD2075954D008BBA88 /* ALDemoProgrammaticLeaderViewController.m in Sources */,
				1DDB39AC1BF56181002561A0 /* ALDemoArticle.m in Sources */,
				2713D01E18EDDD0C006218B2 /* ALDemoAppDelegate.m in Sources */,
				1D7913011BB48173006C6C60 /* ALCarouselCardView.m in Sources */,
				1D5D968B1BB34EB700F296B0 /* ALDemoInterstitialBasicIntegrationViewController.m in Sources */,
				1D7498A01BF52A1E00FB14B2 /* ALDemoRSSFeedRetriever.m in Sources */,
				1D7912F11BB4813D006C6C60 /* ALCarouselViewModel.m in Sources */,
				2713D01A18EDDD0C006218B2 /* main.m in Sources */,
				1DA2DE001E6D498B00FCC9B1 /* ALDemoProgrammaticBannerViewController.m in Sources */,
				1DFA1BEE1BB4AF9900CA13C2 /* ALDemoNativeAdProgrammaticViewController.m in Sources */,
				1D568BBD1BB388F500DB4849 /* ALDemoRootViewController.m in Sources */,
				1D7913041BB48173006C6C60 /* ALCarouselView.m in Sources */,
				DDDBAD0E1EE60A0100666518 /* ALEventTrackingViewController.m in Sources */,
				1D7913081BB48329006C6C60 /* ALDemoNativeAdFeedTableViewController.m in Sources */,
				1D7913031BB48173006C6C60 /* ALCarouselReplayOverlayView.m in Sources */,
				1D79132E1BB4A8FA006C6C60 /* ALDemoBaseTableViewController.m in Sources */,
				1D7913021BB48173006C6C60 /* ALCarouselMediaView.m in Sources */,
				1D09FCB01BB5DCDC00001083 /* ALDemoInterstitialManualLoadingViewController.m in Sources */,
				DF45849720D9C4AB00DA593F /* ALDemoInterstitalZoneViewController.m in Sources */,
				1DA2DE081E6D648900FCC9B1 /* ALDemoProgrammaticMRecViewController.m in Sources */,
			);
			runOnlyForDeploymentPostprocessing = 0;
		};
/* End PBXSourcesBuildPhase section */

/* Begin PBXVariantGroup section */
		2713D01618EDDD0C006218B2 /* InfoPlist.strings */ = {
			isa = PBXVariantGroup;
			children = (
				2713D01718EDDD0C006218B2 /* en */,
			);
			name = InfoPlist.strings;
			sourceTree = "<group>";
		};
		2713D01F18EDDD0C006218B2 /* Main.storyboard */ = {
			isa = PBXVariantGroup;
			children = (
				2713D02018EDDD0C006218B2 /* Base */,
			);
			name = Main.storyboard;
			sourceTree = "<group>";
		};
		DD65BFDE1F15AC5F00F60067 /* Interstitials.storyboard */ = {
			isa = PBXVariantGroup;
			children = (
				DD65BFDF1F15AC5F00F60067 /* Base */,
			);
			name = Interstitials.storyboard;
			sourceTree = "<group>";
		};
		DD65BFE31F15AC8E00F60067 /* MRecs.storyboard */ = {
			isa = PBXVariantGroup;
			children = (
				DD65BFE41F15AC8E00F60067 /* Base */,
			);
			name = MRecs.storyboard;
			sourceTree = "<group>";
		};
/* End PBXVariantGroup section */

/* Begin XCBuildConfiguration section */
		2713D03A18EDDD0C006218B2 /* Debug */ = {
			isa = XCBuildConfiguration;
			buildSettings = {
				ALWAYS_SEARCH_USER_PATHS = NO;
				CLANG_CXX_LANGUAGE_STANDARD = "gnu++0x";
				CLANG_CXX_LIBRARY = "libc++";
				CLANG_ENABLE_MODULES = YES;
				CLANG_ENABLE_OBJC_ARC = YES;
				CLANG_WARN_BLOCK_CAPTURE_AUTORELEASING = YES;
				CLANG_WARN_BOOL_CONVERSION = YES;
				CLANG_WARN_COMMA = YES;
				CLANG_WARN_CONSTANT_CONVERSION = YES;
				CLANG_WARN_DEPRECATED_OBJC_IMPLEMENTATIONS = YES;
				CLANG_WARN_DIRECT_OBJC_ISA_USAGE = YES_ERROR;
				CLANG_WARN_EMPTY_BODY = YES;
				CLANG_WARN_ENUM_CONVERSION = YES;
				CLANG_WARN_INFINITE_RECURSION = YES;
				CLANG_WARN_INT_CONVERSION = YES;
				CLANG_WARN_NON_LITERAL_NULL_CONVERSION = YES;
				CLANG_WARN_OBJC_IMPLICIT_RETAIN_SELF = YES;
				CLANG_WARN_OBJC_LITERAL_CONVERSION = YES;
				CLANG_WARN_OBJC_ROOT_CLASS = YES_ERROR;
				CLANG_WARN_RANGE_LOOP_ANALYSIS = YES;
				CLANG_WARN_STRICT_PROTOTYPES = YES;
				CLANG_WARN_SUSPICIOUS_MOVE = YES;
				CLANG_WARN_UNREACHABLE_CODE = YES;
				CLANG_WARN__DUPLICATE_METHOD_MATCH = YES;
				CODE_SIGN_IDENTITY = "";
				"CODE_SIGN_IDENTITY[sdk=iphoneos*]" = "";
				COPY_PHASE_STRIP = NO;
				ENABLE_STRICT_OBJC_MSGSEND = YES;
				ENABLE_TESTABILITY = YES;
				GCC_C_LANGUAGE_STANDARD = gnu99;
				GCC_DYNAMIC_NO_PIC = NO;
				GCC_NO_COMMON_BLOCKS = YES;
				GCC_OPTIMIZATION_LEVEL = 0;
				GCC_PREPROCESSOR_DEFINITIONS = (
					"DEBUG=1",
					"$(inherited)",
				);
				GCC_SYMBOLS_PRIVATE_EXTERN = NO;
				GCC_WARN_64_TO_32_BIT_CONVERSION = YES;
				GCC_WARN_ABOUT_RETURN_TYPE = YES_ERROR;
				GCC_WARN_UNDECLARED_SELECTOR = YES;
				GCC_WARN_UNINITIALIZED_AUTOS = YES_AGGRESSIVE;
				GCC_WARN_UNUSED_FUNCTION = YES;
				GCC_WARN_UNUSED_VARIABLE = YES;
				IPHONEOS_DEPLOYMENT_TARGET = 8.0;
				ONLY_ACTIVE_ARCH = YES;
				SDKROOT = iphoneos;
			};
			name = Debug;
		};
		2713D03B18EDDD0C006218B2 /* Release */ = {
			isa = XCBuildConfiguration;
			buildSettings = {
				ALWAYS_SEARCH_USER_PATHS = NO;
				CLANG_CXX_LANGUAGE_STANDARD = "gnu++0x";
				CLANG_CXX_LIBRARY = "libc++";
				CLANG_ENABLE_MODULES = YES;
				CLANG_ENABLE_OBJC_ARC = YES;
				CLANG_WARN_BLOCK_CAPTURE_AUTORELEASING = YES;
				CLANG_WARN_BOOL_CONVERSION = YES;
				CLANG_WARN_COMMA = YES;
				CLANG_WARN_CONSTANT_CONVERSION = YES;
				CLANG_WARN_DEPRECATED_OBJC_IMPLEMENTATIONS = YES;
				CLANG_WARN_DIRECT_OBJC_ISA_USAGE = YES_ERROR;
				CLANG_WARN_EMPTY_BODY = YES;
				CLANG_WARN_ENUM_CONVERSION = YES;
				CLANG_WARN_INFINITE_RECURSION = YES;
				CLANG_WARN_INT_CONVERSION = YES;
				CLANG_WARN_NON_LITERAL_NULL_CONVERSION = YES;
				CLANG_WARN_OBJC_IMPLICIT_RETAIN_SELF = YES;
				CLANG_WARN_OBJC_LITERAL_CONVERSION = YES;
				CLANG_WARN_OBJC_ROOT_CLASS = YES_ERROR;
				CLANG_WARN_RANGE_LOOP_ANALYSIS = YES;
				CLANG_WARN_STRICT_PROTOTYPES = YES;
				CLANG_WARN_SUSPICIOUS_MOVE = YES;
				CLANG_WARN_UNREACHABLE_CODE = YES;
				CLANG_WARN__DUPLICATE_METHOD_MATCH = YES;
				"CODE_SIGN_IDENTITY[sdk=iphoneos*]" = "";
				COPY_PHASE_STRIP = YES;
				ENABLE_NS_ASSERTIONS = NO;
				ENABLE_STRICT_OBJC_MSGSEND = YES;
				GCC_C_LANGUAGE_STANDARD = gnu99;
				GCC_NO_COMMON_BLOCKS = YES;
				GCC_WARN_64_TO_32_BIT_CONVERSION = YES;
				GCC_WARN_ABOUT_RETURN_TYPE = YES_ERROR;
				GCC_WARN_UNDECLARED_SELECTOR = YES;
				GCC_WARN_UNINITIALIZED_AUTOS = YES_AGGRESSIVE;
				GCC_WARN_UNUSED_FUNCTION = YES;
				GCC_WARN_UNUSED_VARIABLE = YES;
				IPHONEOS_DEPLOYMENT_TARGET = 8.0;
				SDKROOT = iphoneos;
				VALIDATE_PRODUCT = YES;
			};
			name = Release;
		};
		2713D03D18EDDD0C006218B2 /* Debug */ = {
			isa = XCBuildConfiguration;
			buildSettings = {
				ALWAYS_SEARCH_USER_PATHS = NO;
				ASSETCATALOG_COMPILER_APPICON_NAME = AppIcon;
				CLANG_MODULES_AUTOLINK = YES;
				CODE_SIGN_IDENTITY = "iPhone Developer";
				DEVELOPMENT_TEAM = "";
				FRAMEWORK_SEARCH_PATHS = "$(PROJECT_DIR)/../../iOS-SDK/**";
				GCC_PRECOMPILE_PREFIX_HEADER = YES;
				GCC_PREFIX_HEADER = "iOS-SDK-Demo/iOS-SDK-Demo-ObjC-Prefix.pch";
				GENERATE_MASTER_OBJECT_FILE = NO;
				HEADER_SEARCH_PATHS = "";
				INFOPLIST_FILE = "iOS-SDK-Demo/iOS-SDK-Demo-ObjC-Info.plist";
				IPHONEOS_DEPLOYMENT_TARGET = 9.0;
				LD_RUNPATH_SEARCH_PATHS = "$(inherited) @executable_path/Frameworks";
				LIBRARY_SEARCH_PATHS = (
					"$(inherited)",
					"$(PROJECT_DIR)/iOS-SDK-Demo",
					"$(PROJECT_DIR)",
				);
				OTHER_LDFLAGS = (
					"-ObjC",
					"$(inherited)",
				);
				PRODUCT_BUNDLE_IDENTIFIER = com.applovin.apps.demoapp;
				PRODUCT_NAME = "iOS-SDK-Demo-ObjC";
				TARGETED_DEVICE_FAMILY = "1,2";
				WRAPPER_EXTENSION = app;
			};
			name = Debug;
		};
		2713D03E18EDDD0C006218B2 /* Release */ = {
			isa = XCBuildConfiguration;
			buildSettings = {
				ALWAYS_SEARCH_USER_PATHS = NO;
				ASSETCATALOG_COMPILER_APPICON_NAME = AppIcon;
				CLANG_MODULES_AUTOLINK = YES;
				CODE_SIGN_IDENTITY = "iPhone Developer";
				DEVELOPMENT_TEAM = "";
				FRAMEWORK_SEARCH_PATHS = "$(PROJECT_DIR)/../../iOS-SDK/**";
				GCC_PRECOMPILE_PREFIX_HEADER = YES;
				GCC_PREFIX_HEADER = "iOS-SDK-Demo/iOS-SDK-Demo-ObjC-Prefix.pch";
				GENERATE_MASTER_OBJECT_FILE = NO;
				HEADER_SEARCH_PATHS = "";
				INFOPLIST_FILE = "iOS-SDK-Demo/iOS-SDK-Demo-ObjC-Info.plist";
				IPHONEOS_DEPLOYMENT_TARGET = 9.0;
				LD_RUNPATH_SEARCH_PATHS = "$(inherited) @executable_path/Frameworks";
				LIBRARY_SEARCH_PATHS = (
					"$(inherited)",
					"$(PROJECT_DIR)/iOS-SDK-Demo",
					"$(PROJECT_DIR)",
				);
				OTHER_LDFLAGS = (
					"-ObjC",
					"$(inherited)",
				);
				PRODUCT_BUNDLE_IDENTIFIER = com.applovin.apps.demoapp;
				PRODUCT_NAME = "iOS-SDK-Demo-ObjC";
				TARGETED_DEVICE_FAMILY = "1,2";
				WRAPPER_EXTENSION = app;
			};
			name = Release;
		};
/* End XCBuildConfiguration section */

/* Begin XCConfigurationList section */
		2713D00518EDDD0C006218B2 /* Build configuration list for PBXProject "iOS-SDK-Demo-ObjC" */ = {
			isa = XCConfigurationList;
			buildConfigurations = (
				2713D03A18EDDD0C006218B2 /* Debug */,
				2713D03B18EDDD0C006218B2 /* Release */,
			);
			defaultConfigurationIsVisible = 0;
			defaultConfigurationName = Release;
		};
		2713D03C18EDDD0C006218B2 /* Build configuration list for PBXNativeTarget "iOS-SDK-Demo-ObjC" */ = {
			isa = XCConfigurationList;
			buildConfigurations = (
				2713D03D18EDDD0C006218B2 /* Debug */,
				2713D03E18EDDD0C006218B2 /* Release */,
			);
			defaultConfigurationIsVisible = 0;
			defaultConfigurationName = Release;
		};
/* End XCConfigurationList section */
	};
	rootObject = 2713D00218EDDD0C006218B2 /* Project object */;
}
